# Generated by buf. DO NOT EDIT.
version: v2
deps:
  - name: buf.build/googleapis/googleapis
    commit: 83c0f6c19b2f4ea0b0fd84a80e753659
    digest: b5:e9d077ad9d2eaa08a056108a15292a69548880d3a935781c498f2e591e60e531e49e1f5fc1d7356e5f989d3a8540e9885a02df18cb0cecc4ffa439fa4438a09e
  - name: buf.build/temporalio/api
    commit: 95c35fbcc7f647cbb0facec6fb60aca8
    digest: b5:1329d2da9e7cade35c749a48dc9b2cfd9325f3eadfd1a86f3cc97b737f17d1a65724e3c8fb4f15d45e0e5379ebf7b2fd4052ad9ffb09e3297eeed926bf97b8ad
